
Microsoft Visual Studio Solution File, Format Version 12.00
# Visual Studio Version 16
VisualStudioVersion = 16.0.32413.511
MinimumVisualStudioVersion = 10.0.40219.1
Project("{C7167F0D-BC9F-4E6E-AFE1-012C56B48DB5}") = "TeamPlannerTFT (Package)", "TeamPlannerTFT (Package)\TeamPlannerTFT (Package).wapproj", "{5ECF20DF-5028-4492-B034-B71C801CD982}"
EndProject
Project("{9A19103F-16F7-4668-BE54-9A1E7A4F7556}") = "TeamPlannerTFT", "TeamPlannerTFT\TeamPlannerTFT.csproj", "{9BB22839-DE96-47DD-980B-3D44BF138D9A}"
EndProject
Project("{9A19103F-16F7-4668-BE54-9A1E7A4F7556}") = "TeamPlannerTFT.Core", "TeamPlannerTFT.Core\TeamPlannerTFT.Core.csproj", "{F6254F80-14D1-4732-871C-61843833831B}"
EndProject
Project("{FAE04EC0-301F-11D3-BF4B-00C04F79EFBC}") = "TeamPlannerTFT.DataAccess", "TeamPlannerTFT.DataAccess\TeamPlannerTFT.DataAccess.csproj", "{ADBDABF4-D74C-44CB-9AF5-BD15F08E9959}"
EndProject
Project("{FAE04EC0-301F-11D3-BF4B-00C04F79EFBC}") = "TeamPlannerTFT.Api", "TeamPlannerTFT.Api\TeamPlannerTFT.Api.csproj", "{EEE09DA5-EA30-4311-BBAF-E8E3FC63FAA2}"
EndProject
Global
	GlobalSection(SolutionConfigurationPlatforms) = preSolution
		Debug|Any CPU = Debug|Any CPU
		Debug|arm64 = Debug|arm64
		Debug|x64 = Debug|x64
		Debug|x86 = Debug|x86
		Release|Any CPU = Release|Any CPU
		Release|arm64 = Release|arm64
		Release|x64 = Release|x64
		Release|x86 = Release|x86
	EndGlobalSection
	GlobalSection(ProjectConfigurationPlatforms) = postSolution
		{5ECF20DF-5028-4492-B034-B71C801CD982}.Debug|Any CPU.ActiveCfg = Debug|x86
		{5ECF20DF-5028-4492-B034-B71C801CD982}.Debug|arm64.ActiveCfg = Debug|arm64
		{5ECF20DF-5028-4492-B034-B71C801CD982}.Debug|arm64.Build.0 = Debug|arm64
		{5ECF20DF-5028-4492-B034-B71C801CD982}.Debug|arm64.Deploy.0 = Debug|arm64
		{5ECF20DF-5028-4492-B034-B71C801CD982}.Debug|x64.ActiveCfg = Debug|x64
		{5ECF20DF-5028-4492-B034-B71C801CD982}.Debug|x64.Build.0 = Debug|x64
		{5ECF20DF-5028-4492-B034-B71C801CD982}.Debug|x64.Deploy.0 = Debug|x64
		{5ECF20DF-5028-4492-B034-B71C801CD982}.Debug|x86.ActiveCfg = Debug|x86
		{5ECF20DF-5028-4492-B034-B71C801CD982}.Debug|x86.Build.0 = Debug|x86
		{5ECF20DF-5028-4492-B034-B71C801CD982}.Debug|x86.Deploy.0 = Debug|x86
		{5ECF20DF-5028-4492-B034-B71C801CD982}.Release|Any CPU.ActiveCfg = Release|x86
		{5ECF20DF-5028-4492-B034-B71C801CD982}.Release|arm64.ActiveCfg = Release|arm64
		{5ECF20DF-5028-4492-B034-B71C801CD982}.Release|arm64.Build.0 = Release|arm64
		{5ECF20DF-5028-4492-B034-B71C801CD982}.Release|arm64.Deploy.0 = Release|arm64
		{5ECF20DF-5028-4492-B034-B71C801CD982}.Release|x64.ActiveCfg = Release|x64
		{5ECF20DF-5028-4492-B034-B71C801CD982}.Release|x64.Build.0 = Release|x64
		{5ECF20DF-5028-4492-B034-B71C801CD982}.Release|x64.Deploy.0 = Release|x64
		{5ECF20DF-5028-4492-B034-B71C801CD982}.Release|x86.ActiveCfg = Release|x86
		{5ECF20DF-5028-4492-B034-B71C801CD982}.Release|x86.Build.0 = Release|x86
		{5ECF20DF-5028-4492-B034-B71C801CD982}.Release|x86.Deploy.0 = Release|x86
		{9BB22839-DE96-47DD-980B-3D44BF138D9A}.Debug|Any CPU.ActiveCfg = Debug|x86
		{9BB22839-DE96-47DD-980B-3D44BF138D9A}.Debug|arm64.ActiveCfg = Debug|arm64
		{9BB22839-DE96-47DD-980B-3D44BF138D9A}.Debug|arm64.Build.0 = Debug|arm64
		{9BB22839-DE96-47DD-980B-3D44BF138D9A}.Debug|x64.ActiveCfg = Debug|x64
		{9BB22839-DE96-47DD-980B-3D44BF138D9A}.Debug|x64.Build.0 = Debug|x64
		{9BB22839-DE96-47DD-980B-3D44BF138D9A}.Debug|x86.ActiveCfg = Debug|x86
		{9BB22839-DE96-47DD-980B-3D44BF138D9A}.Debug|x86.Build.0 = Debug|x86
		{9BB22839-DE96-47DD-980B-3D44BF138D9A}.Release|Any CPU.ActiveCfg = Release|x86
		{9BB22839-DE96-47DD-980B-3D44BF138D9A}.Release|arm64.ActiveCfg = Release|arm64
		{9BB22839-DE96-47DD-980B-3D44BF138D9A}.Release|arm64.Build.0 = Release|arm64
		{9BB22839-DE96-47DD-980B-3D44BF138D9A}.Release|x64.ActiveCfg = Release|x64
		{9BB22839-DE96-47DD-980B-3D44BF138D9A}.Release|x64.Build.0 = Release|x64
		{9BB22839-DE96-47DD-980B-3D44BF138D9A}.Release|x86.ActiveCfg = Release|x86
		{9BB22839-DE96-47DD-980B-3D44BF138D9A}.Release|x86.Build.0 = Release|x86
		{F6254F80-14D1-4732-871C-61843833831B}.Debug|Any CPU.ActiveCfg = Debug|Any CPU
		{F6254F80-14D1-4732-871C-61843833831B}.Debug|Any CPU.Build.0 = Debug|Any CPU
		{F6254F80-14D1-4732-871C-61843833831B}.Debug|arm64.ActiveCfg = Debug|Any CPU
		{F6254F80-14D1-4732-871C-61843833831B}.Debug|arm64.Build.0 = Debug|Any CPU
		{F6254F80-14D1-4732-871C-61843833831B}.Debug|x64.ActiveCfg = Debug|x64
		{F6254F80-14D1-4732-871C-61843833831B}.Debug|x64.Build.0 = Debug|x64
		{F6254F80-14D1-4732-871C-61843833831B}.Debug|x86.ActiveCfg = Debug|x86
		{F6254F80-14D1-4732-871C-61843833831B}.Debug|x86.Build.0 = Debug|x86
		{F6254F80-14D1-4732-871C-61843833831B}.Release|Any CPU.ActiveCfg = Release|Any CPU
		{F6254F80-14D1-4732-871C-61843833831B}.Release|Any CPU.Build.0 = Release|Any CPU
		{F6254F80-14D1-4732-871C-61843833831B}.Release|arm64.ActiveCfg = Release|Any CPU
		{F6254F80-14D1-4732-871C-61843833831B}.Release|arm64.Build.0 = Release|Any CPU
		{F6254F80-14D1-4732-871C-61843833831B}.Release|x64.ActiveCfg = Release|x64
		{F6254F80-14D1-4732-871C-61843833831B}.Release|x64.Build.0 = Release|x64
		{F6254F80-14D1-4732-871C-61843833831B}.Release|x86.ActiveCfg = Release|x86
		{F6254F80-14D1-4732-871C-61843833831B}.Release|x86.Build.0 = Release|x86
		{ADBDABF4-D74C-44CB-9AF5-BD15F08E9959}.Debug|Any CPU.ActiveCfg = Debug|Any CPU
		{ADBDABF4-D74C-44CB-9AF5-BD15F08E9959}.Debug|Any CPU.Build.0 = Debug|Any CPU
		{ADBDABF4-D74C-44CB-9AF5-BD15F08E9959}.Debug|arm64.ActiveCfg = Debug|Any CPU
		{ADBDABF4-D74C-44CB-9AF5-BD15F08E9959}.Debug|arm64.Build.0 = Debug|Any CPU
		{ADBDABF4-D74C-44CB-9AF5-BD15F08E9959}.Debug|x64.ActiveCfg = Debug|Any CPU
		{ADBDABF4-D74C-44CB-9AF5-BD15F08E9959}.Debug|x64.Build.0 = Debug|Any CPU
		{ADBDABF4-D74C-44CB-9AF5-BD15F08E9959}.Debug|x86.ActiveCfg = Debug|Any CPU
		{ADBDABF4-D74C-44CB-9AF5-BD15F08E9959}.Debug|x86.Build.0 = Debug|Any CPU
		{ADBDABF4-D74C-44CB-9AF5-BD15F08E9959}.Release|Any CPU.ActiveCfg = Release|Any CPU
		{ADBDABF4-D74C-44CB-9AF5-BD15F08E9959}.Release|Any CPU.Build.0 = Release|Any CPU
		{ADBDABF4-D74C-44CB-9AF5-BD15F08E9959}.Release|arm64.ActiveCfg = Release|Any CPU
		{ADBDABF4-D74C-44CB-9AF5-BD15F08E9959}.Release|arm64.Build.0 = Release|Any CPU
		{ADBDABF4-D74C-44CB-9AF5-BD15F08E9959}.Release|x64.ActiveCfg = Release|Any CPU
		{ADBDABF4-D74C-44CB-9AF5-BD15F08E9959}.Release|x64.Build.0 = Release|Any CPU
		{ADBDABF4-D74C-44CB-9AF5-BD15F08E9959}.Release|x86.ActiveCfg = Release|Any CPU
		{ADBDABF4-D74C-44CB-9AF5-BD15F08E9959}.Release|x86.Build.0 = Release|Any CPU
		{EEE09DA5-EA30-4311-BBAF-E8E3FC63FAA2}.Debug|Any CPU.ActiveCfg = Debug|Any CPU
		{EEE09DA5-EA30-4311-BBAF-E8E3FC63FAA2}.Debug|Any CPU.Build.0 = Debug|Any CPU
		{EEE09DA5-EA30-4311-BBAF-E8E3FC63FAA2}.Debug|arm64.ActiveCfg = Debug|Any CPU
		{EEE09DA5-EA30-4311-BBAF-E8E3FC63FAA2}.Debug|arm64.Build.0 = Debug|Any CPU
		{EEE09DA5-EA30-4311-BBAF-E8E3FC63FAA2}.Debug|x64.ActiveCfg = Debug|Any CPU
		{EEE09DA5-EA30-4311-BBAF-E8E3FC63FAA2}.Debug|x64.Build.0 = Debug|Any CPU
		{EEE09DA5-EA30-4311-BBAF-E8E3FC63FAA2}.Debug|x86.ActiveCfg = Debug|Any CPU
		{EEE09DA5-EA30-4311-BBAF-E8E3FC63FAA2}.Debug|x86.Build.0 = Debug|Any CPU
		{EEE09DA5-EA30-4311-BBAF-E8E3FC63FAA2}.Release|Any CPU.ActiveCfg = Release|Any CPU
		{EEE09DA5-EA30-4311-BBAF-E8E3FC63FAA2}.Release|Any CPU.Build.0 = Release|Any CPU
		{EEE09DA5-EA30-4311-BBAF-E8E3FC63FAA2}.Release|arm64.ActiveCfg = Release|Any CPU
		{EEE09DA5-EA30-4311-BBAF-E8E3FC63FAA2}.Release|arm64.Build.0 = Release|Any CPU
		{EEE09DA5-EA30-4311-BBAF-E8E3FC63FAA2}.Release|x64.ActiveCfg = Release|Any CPU
		{EEE09DA5-EA30-4311-BBAF-E8E3FC63FAA2}.Release|x64.Build.0 = Release|Any CPU
		{EEE09DA5-EA30-4311-BBAF-E8E3FC63FAA2}.Release|x86.ActiveCfg = Release|Any CPU
		{EEE09DA5-EA30-4311-BBAF-E8E3FC63FAA2}.Release|x86.Build.0 = Release|Any CPU
	EndGlobalSection
	GlobalSection(SolutionProperties) = preSolution
		HideSolutionNode = FALSE
	EndGlobalSection
	GlobalSection(ExtensibilityGlobals) = postSolution
		SolutionGuid = {3B71448A-5443-4342-BDC2-1F8514B1684D}
	EndGlobalSection
EndGlobal
